
Microsoft Visual Studio Solution File, Format Version 12.00
# Visual Studio 15
VisualStudioVersion = 15.0.28307.1622
MinimumVisualStudioVersion = 10.0.40219.1
Project("{FAE04EC0-301F-11D3-BF4B-00C04F79EFBC}") = "Perpustakaan MI Darussalam", "Perpustakaan MI Darussalam\Perpustakaan MI Darussalam.csproj", "{7AC846DC-A535-4889-B412-523A61C1D686}"
EndProject
Global
	GlobalSection(SolutionConfigurationPlatforms) = preSolution
		Debug|Any CPU = Debug|Any CPU
		Release|Any CPU = Release|Any CPU
	EndGlobalSection
	GlobalSection(ProjectConfigurationPlatforms) = postSolution
		{7AC846DC-A535-4889-B412-523A61C1D686}.Debug|Any CPU.ActiveCfg = Debug|Any CPU
		{7AC846DC-A535-4889-B412-523A61C1D686}.Debug|Any CPU.Build.0 = Debug|Any CPU
		{7AC846DC-A535-4889-B412-523A61C1D686}.Release|Any CPU.ActiveCfg = Release|Any CPU
		{7AC846DC-A535-4889-B412-523A61C1D686}.Release|Any CPU.Build.0 = Release|Any CPU
	EndGlobalSection
	GlobalSection(SolutionProperties) = preSolution
		HideSolutionNode = FALSE
	EndGlobalSection
	GlobalSection(ExtensibilityGlobals) = postSolution
		SolutionGuid = {CF88BDC8-0ED6-4F87-9AA5-33151C0FB116}
	EndGlobalSection
EndGlobal
